// !$*UTF8*$!
{
	archiveVersion = 1;
	classes = {
	};
	objectVersion = 56;
	objects = {

/* Begin PBXBuildFile section */
		3151DC802ACAFE420092362B /* AppDelegate.swift in Sources */ = {isa = PBXBuildFile; fileRef = 3151DC7F2ACAFE420092362B /* AppDelegate.swift */; };
		3151DC822ACAFE420092362B /* SceneDelegate.swift in Sources */ = {isa = PBXBuildFile; fileRef = 3151DC812ACAFE420092362B /* SceneDelegate.swift */; };
		3151DC842ACAFE420092362B /* ViewController.swift in Sources */ = {isa = PBXBuildFile; fileRef = 3151DC832ACAFE420092362B /* ViewController.swift */; };
		3151DC872ACAFE420092362B /* Main.storyboard in Resources */ = {isa = PBXBuildFile; fileRef = 3151DC852ACAFE420092362B /* Main.storyboard */; };
		3151DC892ACAFE440092362B /* Assets.xcassets in Resources */ = {isa = PBXBuildFile; fileRef = 3151DC882ACAFE440092362B /* Assets.xcassets */; };
		3151DC8C2ACAFE440092362B /* LaunchScreen.storyboard in Resources */ = {isa = PBXBuildFile; fileRef = 3151DC8A2ACAFE440092362B /* LaunchScreen.storyboard */; };
		3151DC972ACAFE440092362B /* hm3Tests.swift in Sources */ = {isa = PBXBuildFile; fileRef = 3151DC962ACAFE440092362B /* hm3Tests.swift */; };
		3151DCA12ACAFE440092362B /* hm3UITests.swift in Sources */ = {isa = PBXBuildFile; fileRef = 3151DCA02ACAFE440092362B /* hm3UITests.swift */; };
		3151DCA32ACAFE440092362B /* hm3UITestsLaunchTests.swift in Sources */ = {isa = PBXBuildFile; fileRef = 3151DCA22ACAFE440092362B /* hm3UITestsLaunchTests.swift */; };
		3151DCB02ACB13AA0092362B /* MagicButton.swift in Sources */ = {isa = PBXBuildFile; fileRef = 3151DCAF2ACB13AA0092362B /* MagicButton.swift */; };
		3151DCB22ACB19330092362B /* magicInput.swift in Sources */ = {isa = PBXBuildFile; fileRef = 3151DCB12ACB19330092362B /* magicInput.swift */; };
		3151DCB42ACB40BC0092362B /* Media.xcassets in Resources */ = {isa = PBXBuildFile; fileRef = 3151DCB32ACB40BC0092362B /* Media.xcassets */; };
		3151DCB62ACB496D0092362B /* magicLabel.swift in Sources */ = {isa = PBXBuildFile; fileRef = 3151DCB52ACB496D0092362B /* magicLabel.swift */; };
/* End PBXBuildFile section */

/* Begin PBXContainerItemProxy section */
		3151DC932ACAFE440092362B /* PBXContainerItemProxy */ = {
			isa = PBXContainerItemProxy;
			containerPortal = 3151DC742ACAFE420092362B /* Project object */;
			proxyType = 1;
			remoteGlobalIDString = 3151DC7B2ACAFE420092362B;
			remoteInfo = hm3;
		};
		3151DC9D2ACAFE440092362B /* PBXContainerItemProxy */ = {
			isa = PBXContainerItemProxy;
			containerPortal = 3151DC742ACAFE420092362B /* Project object */;
			proxyType = 1;
			remoteGlobalIDString = 3151DC7B2ACAFE420092362B;
			remoteInfo = hm3;
		};
/* End PBXContainerItemProxy section */

/* Begin PBXFileReference section */
		3151DC7C2ACAFE420092362B /* hm3.app */ = {isa = PBXFileReference; explicitFileType = wrapper.application; includeInIndex = 0; path = hm3.app; sourceTree = BUILT_PRODUCTS_DIR; };
		3151DC7F2ACAFE420092362B /* AppDelegate.swift */ = {isa = PBXFileReference; lastKnownFileType = sourcecode.swift; path = AppDelegate.swift; sourceTree = "<group>"; };
		3151DC812ACAFE420092362B /* SceneDelegate.swift */ = {isa = PBXFileReference; lastKnownFileType = sourcecode.swift; path = SceneDelegate.swift; sourceTree = "<group>"; };
		3151DC832ACAFE420092362B /* ViewController.swift */ = {isa = PBXFileReference; lastKnownFileType = sourcecode.swift; path = ViewController.swift; sourceTree = "<group>"; };
		3151DC862ACAFE420092362B /* Base */ = {isa = PBXFileReference; lastKnownFileType = file.storyboard; name = Base; path = Base.lproj/Main.storyboard; sourceTree = "<group>"; };
		3151DC882ACAFE440092362B /* Assets.xcassets */ = {isa = PBXFileReference; lastKnownFileType = folder.assetcatalog; path = Assets.xcassets; sourceTree = "<group>"; };
		3151DC8B2ACAFE440092362B /* Base */ = {isa = PBXFileReference; lastKnownFileType = file.storyboard; name = Base; path = Base.lproj/LaunchScreen.storyboard; sourceTree = "<group>"; };
		3151DC8D2ACAFE440092362B /* Info.plist */ = {isa = PBXFileReference; lastKnownFileType = text.plist.xml; path = Info.plist; sourceTree = "<group>"; };
		3151DC922ACAFE440092362B /* hm3Tests.xctest */ = {isa = PBXFileReference; explicitFileType = wrapper.cfbundle; includeInIndex = 0; path = hm3Tests.xctest; sourceTree = BUILT_PRODUCTS_DIR; };
		3151DC962ACAFE440092362B /* hm3Tests.swift */ = {isa = PBXFileReference; lastKnownFileType = sourcecode.swift; path = hm3Tests.swift; sourceTree = "<group>"; };
		3151DC9C2ACAFE440092362B /* hm3UITests.xctest */ = {isa = PBXFileReference; explicitFileType = wrapper.cfbundle; includeInIndex = 0; path = hm3UITests.xctest; sourceTree = BUILT_PRODUCTS_DIR; };
		3151DCA02ACAFE440092362B /* hm3UITests.swift */ = {isa = PBXFileReference; lastKnownFileType = sourcecode.swift; path = hm3UITests.swift; sourceTree = "<group>"; };
		3151DCA22ACAFE440092362B /* hm3UITestsLaunchTests.swift */ = {isa = PBXFileReference; lastKnownFileType = sourcecode.swift; path = hm3UITestsLaunchTests.swift; sourceTree = "<group>"; };
		3151DCAF2ACB13AA0092362B /* MagicButton.swift */ = {isa = PBXFileReference; lastKnownFileType = sourcecode.swift; path = MagicButton.swift; sourceTree = "<group>"; };
		3151DCB12ACB19330092362B /* magicInput.swift */ = {isa = PBXFileReference; lastKnownFileType = sourcecode.swift; path = magicInput.swift; sourceTree = "<group>"; };
		3151DCB32ACB40BC0092362B /* Media.xcassets */ = {isa = PBXFileReference; lastKnownFileType = folder.assetcatalog; path = Media.xcassets; sourceTree = "<group>"; };
		3151DCB52ACB496D0092362B /* magicLabel.swift */ = {isa = PBXFileReference; lastKnownFileType = sourcecode.swift; path = magicLabel.swift; sourceTree = "<group>"; };
/* End PBXFileReference section */

/* Begin PBXFrameworksBuildPhase section */
		3151DC792ACAFE420092362B /* Frameworks */ = {
			isa = PBXFrameworksBuildPhase;
			buildActionMask = 2147483647;
			files = (
			);
			runOnlyForDeploymentPostprocessing = 0;
		};
		3151DC8F2ACAFE440092362B /* Frameworks */ = {
			isa = PBXFrameworksBuildPhase;
			buildActionMask = 2147483647;
			files = (
			);
			runOnlyForDeploymentPostprocessing = 0;
		};
		3151DC992ACAFE440092362B /* Frameworks */ = {
			isa = PBXFrameworksBuildPhase;
			buildActionMask = 2147483647;
			files = (
			);
			runOnlyForDeploymentPostprocessing = 0;
		};
/* End PBXFrameworksBuildPhase section */

/* Begin PBXGroup section */
		3151DC732ACAFE420092362B = {
			isa = PBXGroup;
			children = (
				3151DC7E2ACAFE420092362B /* hm3 */,
				3151DC952ACAFE440092362B /* hm3Tests */,
				3151DC9F2ACAFE440092362B /* hm3UITests */,
				3151DC7D2ACAFE420092362B /* Products */,
			);
			sourceTree = "<group>";
		};
		3151DC7D2ACAFE420092362B /* Products */ = {
			isa = PBXGroup;
			children = (
				3151DC7C2ACAFE420092362B /* hm3.app */,
				3151DC922ACAFE440092362B /* hm3Tests.xctest */,
				3151DC9C2ACAFE440092362B /* hm3UITests.xctest */,
			);
			name = Products;
			sourceTree = "<group>";
		};
		3151DC7E2ACAFE420092362B /* hm3 */ = {
			isa = PBXGroup;
			children = (
				3151DC7F2ACAFE420092362B /* AppDelegate.swift */,
				3151DC812ACAFE420092362B /* SceneDelegate.swift */,
				3151DC832ACAFE420092362B /* ViewController.swift */,
				3151DC852ACAFE420092362B /* Main.storyboard */,
				3151DC882ACAFE440092362B /* Assets.xcassets */,
				3151DC8A2ACAFE440092362B /* LaunchScreen.storyboard */,
				3151DC8D2ACAFE440092362B /* Info.plist */,
				3151DCAF2ACB13AA0092362B /* MagicButton.swift */,
				3151DCB12ACB19330092362B /* magicInput.swift */,
				3151DCB32ACB40BC0092362B /* Media.xcassets */,
				3151DCB52ACB496D0092362B /* magicLabel.swift */,
			);
			path = hm3;
			sourceTree = "<group>";
		};
		3151DC952ACAFE440092362B /* hm3Tests */ = {
			isa = PBXGroup;
			children = (
				3151DC962ACAFE440092362B /* hm3Tests.swift */,
			);
			path = hm3Tests;
			sourceTree = "<group>";
		};
		3151DC9F2ACAFE440092362B /* hm3UITests */ = {
			isa = PBXGroup;
			children = (
				3151DCA02ACAFE440092362B /* hm3UITests.swift */,
				3151DCA22ACAFE440092362B /* hm3UITestsLaunchTests.swift */,
			);
			path = hm3UITests;
			sourceTree = "<group>";
		};
/* End PBXGroup section */

/* Begin PBXNativeTarget section */
		3151DC7B2ACAFE420092362B /* hm3 */ = {
			isa = PBXNativeTarget;
			buildConfigurationList = 3151DCA62ACAFE440092362B /* Build configuration list for PBXNativeTarget "hm3" */;
			buildPhases = (
				3151DC782ACAFE420092362B /* Sources */,
				3151DC792ACAFE420092362B /* Frameworks */,
				3151DC7A2ACAFE420092362B /* Resources */,
			);
			buildRules = (
			);
			dependencies = (
			);
			name = hm3;
			productName = hm3;
			productReference = 3151DC7C2ACAFE420092362B /* hm3.app */;
			productType = "com.apple.product-type.application";
		};
		3151DC912ACAFE440092362B /* hm3Tests */ = {
			isa = PBXNativeTarget;
			buildConfigurationList = 3151DCA92ACAFE440092362B /* Build configuration list for PBXNativeTarget "hm3Tests" */;
			buildPhases = (
				3151DC8E2ACAFE440092362B /* Sources */,
				3151DC8F2ACAFE440092362B /* Frameworks */,
				3151DC902ACAFE440092362B /* Resources */,
			);
			buildRules = (
			);
			dependencies = (
				3151DC942ACAFE440092362B /* PBXTargetDependency */,
			);
			name = hm3Tests;
			productName = hm3Tests;
			productReference = 3151DC922ACAFE440092362B /* hm3Tests.xctest */;
			productType = "com.apple.product-type.bundle.unit-test";
		};
		3151DC9B2ACAFE440092362B /* hm3UITests */ = {
			isa = PBXNativeTarget;
			buildConfigurationList = 3151DCAC2ACAFE440092362B /* Build configuration list for PBXNativeTarget "hm3UITests" */;
			buildPhases = (
				3151DC982ACAFE440092362B /* Sources */,
				3151DC992ACAFE440092362B /* Frameworks */,
				3151DC9A2ACAFE440092362B /* Resources */,
			);
			buildRules = (
			);
			dependencies = (
				3151DC9E2ACAFE440092362B /* PBXTargetDependency */,
			);
			name = hm3UITests;
			productName = hm3UITests;
			productReference = 3151DC9C2ACAFE440092362B /* hm3UITests.xctest */;
			productType = "com.apple.product-type.bundle.ui-testing";
		};
/* End PBXNativeTarget section */

/* Begin PBXProject section */
		3151DC742ACAFE420092362B /* Project object */ = {
			isa = PBXProject;
			attributes = {
				BuildIndependentTargetsInParallel = 1;
				LastSwiftUpdateCheck = 1430;
				LastUpgradeCheck = 1430;
				TargetAttributes = {
					3151DC7B2ACAFE420092362B = {
						CreatedOnToolsVersion = 14.3.1;
					};
					3151DC912ACAFE440092362B = {
						CreatedOnToolsVersion = 14.3.1;
						TestTargetID = 3151DC7B2ACAFE420092362B;
					};
					3151DC9B2ACAFE440092362B = {
						CreatedOnToolsVersion = 14.3.1;
						TestTargetID = 3151DC7B2ACAFE420092362B;
					};
				};
			};
			buildConfigurationList = 3151DC772ACAFE420092362B /* Build configuration list for PBXProject "hm3" */;
			compatibilityVersion = "Xcode 14.0";
			developmentRegion = en;
			hasScannedForEncodings = 0;
			knownRegions = (
				en,
				Base,
			);
			mainGroup = 3151DC732ACAFE420092362B;
			productRefGroup = 3151DC7D2ACAFE420092362B /* Products */;
			projectDirPath = "";
			projectRoot = "";
			targets = (
				3151DC7B2ACAFE420092362B /* hm3 */,
				3151DC912ACAFE440092362B /* hm3Tests */,
				3151DC9B2ACAFE440092362B /* hm3UITests */,
			);
		};
/* End PBXProject section */

/* Begin PBXResourcesBuildPhase section */
		3151DC7A2ACAFE420092362B /* Resources */ = {
			isa = PBXResourcesBuildPhase;
			buildActionMask = 2147483647;
			files = (
				3151DC8C2ACAFE440092362B /* LaunchScreen.storyboard in Resources */,
				3151DC892ACAFE440092362B /* Assets.xcassets in Resources */,
				3151DCB42ACB40BC0092362B /* Media.xcassets in Resources */,
				3151DC872ACAFE420092362B /* Main.storyboard in Resources */,
			);
			runOnlyForDeploymentPostprocessing = 0;
		};
		3151DC902ACAFE440092362B /* Resources */ = {
			isa = PBXResourcesBuildPhase;
			buildActionMask = 2147483647;
			files = (
			);
			runOnlyForDeploymentPostprocessing = 0;
		};
		3151DC9A2ACAFE440092362B /* Resources */ = {
			isa = PBXResourcesBuildPhase;
			buildActionMask = 2147483647;
			files = (
			);
			runOnlyForDeploymentPostprocessing = 0;
		};
/* End PBXResourcesBuildPhase section */

/* Begin PBXSourcesBuildPhase section */
		3151DC782ACAFE420092362B /* Sources */ = {
			isa = PBXSourcesBuildPhase;
			buildActionMask = 2147483647;
			files = (
				3151DCB62ACB496D0092362B /* magicLabel.swift in Sources */,
				3151DC842ACAFE420092362B /* ViewController.swift in Sources */,
				3151DCB02ACB13AA0092362B /* MagicButton.swift in Sources */,
				3151DCB22ACB19330092362B /* magicInput.swift in Sources */,
				3151DC802ACAFE420092362B /* AppDelegate.swift in Sources */,
				3151DC822ACAFE420092362B /* SceneDelegate.swift in Sources */,
			);
			runOnlyForDeploymentPostprocessing = 0;
		};
		3151DC8E2ACAFE440092362B /* Sources */ = {
			isa = PBXSourcesBuildPhase;
			buildActionMask = 2147483647;
			files = (
				3151DC972ACAFE440092362B /* hm3Tests.swift in Sources */,
			);
			runOnlyForDeploymentPostprocessing = 0;
		};
		3151DC982ACAFE440092362B /* Sources */ = {
			isa = PBXSourcesBuildPhase;
			buildActionMask = 2147483647;
			files = (
				3151DCA12ACAFE440092362B /* hm3UITests.swift in Sources */,
				3151DCA32ACAFE440092362B /* hm3UITestsLaunchTests.swift in Sources */,
			);
			runOnlyForDeploymentPostprocessing = 0;
		};
/* End PBXSourcesBuildPhase section */

/* Begin PBXTargetDependency section */
		3151DC942ACAFE440092362B /* PBXTargetDependency */ = {
			isa = PBXTargetDependency;
			target = 3151DC7B2ACAFE420092362B /* hm3 */;
			targetProxy = 3151DC932ACAFE440092362B /* PBXContainerItemProxy */;
		};
		3151DC9E2ACAFE440092362B /* PBXTargetDependency */ = {
			isa = PBXTargetDependency;
			target = 3151DC7B2ACAFE420092362B /* hm3 */;
			targetProxy = 3151DC9D2ACAFE440092362B /* PBXContainerItemProxy */;
		};
/* End PBXTargetDependency section */

/* Begin PBXVariantGroup section */
		3151DC852ACAFE420092362B /* Main.storyboard */ = {
			isa = PBXVariantGroup;
			children = (
				3151DC862ACAFE420092362B /* Base */,
			);
			name = Main.storyboard;
			sourceTree = "<group>";
		};
		3151DC8A2ACAFE440092362B /* LaunchScreen.storyboard */ = {
			isa = PBXVariantGroup;
			children = (
				3151DC8B2ACAFE440092362B /* Base */,
			);
			name = LaunchScreen.storyboard;
			sourceTree = "<group>";
		};
/* End PBXVariantGroup section */

/* Begin XCBuildConfiguration section */
		3151DCA42ACAFE440092362B /* Debug */ = {
			isa = XCBuildConfiguration;
			buildSettings = {
				ALWAYS_SEARCH_USER_PATHS = NO;
				CLANG_ANALYZER_NONNULL = YES;
				CLANG_ANALYZER_NUMBER_OBJECT_CONVERSION = YES_AGGRESSIVE;
				CLANG_CXX_LANGUAGE_STANDARD = "gnu++20";
				CLANG_ENABLE_MODULES = YES;
				CLANG_ENABLE_OBJC_ARC = YES;
				CLANG_ENABLE_OBJC_WEAK = YES;
				CLANG_WARN_BLOCK_CAPTURE_AUTORELEASING = YES;
				CLANG_WARN_BOOL_CONVERSION = YES;
				CLANG_WARN_COMMA = YES;
				CLANG_WARN_CONSTANT_CONVERSION = YES;
				CLANG_WARN_DEPRECATED_OBJC_IMPLEMENTATIONS = YES;
				CLANG_WARN_DIRECT_OBJC_ISA_USAGE = YES_ERROR;
				CLANG_WARN_DOCUMENTATION_COMMENTS = YES;
				CLANG_WARN_EMPTY_BODY = YES;
				CLANG_WARN_ENUM_CONVERSION = YES;
				CLANG_WARN_INFINITE_RECURSION = YES;
				CLANG_WARN_INT_CONVERSION = YES;
				CLANG_WARN_NON_LITERAL_NULL_CONVERSION = YES;
				CLANG_WARN_OBJC_IMPLICIT_RETAIN_SELF = YES;
				CLANG_WARN_OBJC_LITERAL_CONVERSION = YES;
				CLANG_WARN_OBJC_ROOT_CLASS = YES_ERROR;
				CLANG_WARN_QUOTED_INCLUDE_IN_FRAMEWORK_HEADER = YES;
				CLANG_WARN_RANGE_LOOP_ANALYSIS = YES;
				CLANG_WARN_STRICT_PROTOTYPES = YES;
				CLANG_WARN_SUSPICIOUS_MOVE = YES;
				CLANG_WARN_UNGUARDED_AVAILABILITY = YES_AGGRESSIVE;
				CLANG_WARN_UNREACHABLE_CODE = YES;
				CLANG_WARN__DUPLICATE_METHOD_MATCH = YES;
				COPY_PHASE_STRIP = NO;
				DEBUG_INFORMATION_FORMAT = dwarf;
				ENABLE_STRICT_OBJC_MSGSEND = YES;
				ENABLE_TESTABILITY = YES;
				GCC_C_LANGUAGE_STANDARD = gnu11;
				GCC_DYNAMIC_NO_PIC = NO;
				GCC_NO_COMMON_BLOCKS = YES;
				GCC_OPTIMIZATION_LEVEL = 0;
				GCC_PREPROCESSOR_DEFINITIONS = (
					"DEBUG=1",
					"$(inherited)",
				);
				GCC_WARN_64_TO_32_BIT_CONVERSION = YES;
				GCC_WARN_ABOUT_RETURN_TYPE = YES_ERROR;
				GCC_WARN_UNDECLARED_SELECTOR = YES;
				GCC_WARN_UNINITIALIZED_AUTOS = YES_AGGRESSIVE;
				GCC_WARN_UNUSED_FUNCTION = YES;
				GCC_WARN_UNUSED_VARIABLE = YES;
				IPHONEOS_DEPLOYMENT_TARGET = 16.4;
				MTL_ENABLE_DEBUG_INFO = INCLUDE_SOURCE;
				MTL_FAST_MATH = YES;
				ONLY_ACTIVE_ARCH = YES;
				SDKROOT = iphoneos;
				SWIFT_ACTIVE_COMPILATION_CONDITIONS = DEBUG;
				SWIFT_OPTIMIZATION_LEVEL = "-Onone";
			};
			name = Debug;
		};
		3151DCA52ACAFE440092362B /* Release */ = {
			isa = XCBuildConfiguration;
			buildSettings = {
				ALWAYS_SEARCH_USER_PATHS = NO;
				CLANG_ANALYZER_NONNULL = YES;
				CLANG_ANALYZER_NUMBER_OBJECT_CONVERSION = YES_AGGRESSIVE;
				CLANG_CXX_LANGUAGE_STANDARD = "gnu++20";
				CLANG_ENABLE_MODULES = YES;
				CLANG_ENABLE_OBJC_ARC = YES;
				CLANG_ENABLE_OBJC_WEAK = YES;
				CLANG_WARN_BLOCK_CAPTURE_AUTORELEASING = YES;
				CLANG_WARN_BOOL_CONVERSION = YES;
				CLANG_WARN_COMMA = YES;
				CLANG_WARN_CONSTANT_CONVERSION = YES;
				CLANG_WARN_DEPRECATED_OBJC_IMPLEMENTATIONS = YES;
				CLANG_WARN_DIRECT_OBJC_ISA_USAGE = YES_ERROR;
				CLANG_WARN_DOCUMENTATION_COMMENTS = YES;
				CLANG_WARN_EMPTY_BODY = YES;
				CLANG_WARN_ENUM_CONVERSION = YES;
				CLANG_WARN_INFINITE_RECURSION = YES;
				CLANG_WARN_INT_CONVERSION = YES;
				CLANG_WARN_NON_LITERAL_NULL_CONVERSION = YES;
				CLANG_WARN_OBJC_IMPLICIT_RETAIN_SELF = YES;
				CLANG_WARN_OBJC_LITERAL_CONVERSION = YES;
				CLANG_WARN_OBJC_ROOT_CLASS = YES_ERROR;
				CLANG_WARN_QUOTED_INCLUDE_IN_FRAMEWORK_HEADER = YES;
				CLANG_WARN_RANGE_LOOP_ANALYSIS = YES;
				CLANG_WARN_STRICT_PROTOTYPES = YES;
				CLANG_WARN_SUSPICIOUS_MOVE = YES;
				CLANG_WARN_UNGUARDED_AVAILABILITY = YES_AGGRESSIVE;
				CLANG_WARN_UNREACHABLE_CODE = YES;
				CLANG_WARN__DUPLICATE_METHOD_MATCH = YES;
				COPY_PHASE_STRIP = NO;
				DEBUG_INFORMATION_FORMAT = "dwarf-with-dsym";
				ENABLE_NS_ASSERTIONS = NO;
				ENABLE_STRICT_OBJC_MSGSEND = YES;
				GCC_C_LANGUAGE_STANDARD = gnu11;
				GCC_NO_COMMON_BLOCKS = YES;
				GCC_WARN_64_TO_32_BIT_CONVERSION = YES;
				GCC_WARN_ABOUT_RETURN_TYPE = YES_ERROR;
				GCC_WARN_UNDECLARED_SELECTOR = YES;
				GCC_WARN_UNINITIALIZED_AUTOS = YES_AGGRESSIVE;
				GCC_WARN_UNUSED_FUNCTION = YES;
				GCC_WARN_UNUSED_VARIABLE = YES;
				IPHONEOS_DEPLOYMENT_TARGET = 16.4;
				MTL_ENABLE_DEBUG_INFO = NO;
				MTL_FAST_MATH = YES;
				SDKROOT = iphoneos;
				SWIFT_COMPILATION_MODE = wholemodule;
				SWIFT_OPTIMIZATION_LEVEL = "-O";
				VALIDATE_PRODUCT = YES;
			};
			name = Release;
		};
		3151DCA72ACAFE440092362B /* Debug */ = {
			isa = XCBuildConfiguration;
			buildSettings = {
				ASSETCATALOG_COMPILER_APPICON_NAME = AppIcon;
				ASSETCATALOG_COMPILER_GLOBAL_ACCENT_COLOR_NAME = AccentColor;
				CODE_SIGN_STYLE = Automatic;
				CURRENT_PROJECT_VERSION = 1;
				DEVELOPMENT_TEAM = BYL93S2Z5R;
				GENERATE_INFOPLIST_FILE = YES;
				INFOPLIST_FILE = hm3/Info.plist;
				INFOPLIST_KEY_UIApplicationSupportsIndirectInputEvents = YES;
				INFOPLIST_KEY_UILaunchStoryboardName = LaunchScreen;
				INFOPLIST_KEY_UIMainStoryboardFile = Main;
				INFOPLIST_KEY_UISupportedInterfaceOrientations_iPad = "UIInterfaceOrientationPortrait UIInterfaceOrientationPortraitUpsideDown UIInterfaceOrientationLandscapeLeft UIInterfaceOrientationLandscapeRight";
				INFOPLIST_KEY_UISupportedInterfaceOrientations_iPhone = "UIInterfaceOrientationPortrait UIInterfaceOrientationLandscapeLeft UIInterfaceOrientationLandscapeRight";
				LD_RUNPATH_SEARCH_PATHS = (
					"$(inherited)",
					"@executable_path/Frameworks",
				);
				MARKETING_VERSION = 1.0;
				PRODUCT_BUNDLE_IDENTIFIER = kmnso4.hm3;
				PRODUCT_NAME = "$(TARGET_NAME)";
				SWIFT_EMIT_LOC_STRINGS = YES;
				SWIFT_VERSION = 5.0;
				TARGETED_DEVICE_FAMILY = "1,2";
			};
			name = Debug;
		};
		3151DCA82ACAFE440092362B /* Release */ = {
			isa = XCBuildConfiguration;
			buildSettings = {
				ASSETCATALOG_COMPILER_APPICON_NAME = AppIcon;
				ASSETCATALOG_COMPILER_GLOBAL_ACCENT_COLOR_NAME = AccentColor;
				CODE_SIGN_STYLE = Automatic;
				CURRENT_PROJECT_VERSION = 1;
				DEVELOPMENT_TEAM = BYL93S2Z5R;
				GENERATE_INFOPLIST_FILE = YES;
				INFOPLIST_FILE = hm3/Info.plist;
				INFOPLIST_KEY_UIApplicationSupportsIndirectInputEvents = YES;
				INFOPLIST_KEY_UILaunchStoryboardName = LaunchScreen;
				INFOPLIST_KEY_UIMainStoryboardFile = Main;
				INFOPLIST_KEY_UISupportedInterfaceOrientations_iPad = "UIInterfaceOrientationPortrait UIInterfaceOrientationPortraitUpsideDown UIInterfaceOrientationLandscapeLeft UIInterfaceOrientationLandscapeRight";
				INFOPLIST_KEY_UISupportedInterfaceOrientations_iPhone = "UIInterfaceOrientationPortrait UIInterfaceOrientationLandscapeLeft UIInterfaceOrientationLandscapeRight";
				LD_RUNPATH_SEARCH_PATHS = (
					"$(inherited)",
					"@executable_path/Frameworks",
				);
				MARKETING_VERSION = 1.0;
				PRODUCT_BUNDLE_IDENTIFIER = kmnso4.hm3;
				PRODUCT_NAME = "$(TARGET_NAME)";
				SWIFT_EMIT_LOC_STRINGS = YES;
				SWIFT_VERSION = 5.0;
				TARGETED_DEVICE_FAMILY = "1,2";
			};
			name = Release;
		};
		3151DCAA2ACAFE440092362B /* Debug */ = {
			isa = XCBuildConfiguration;
			buildSettings = {
				ALWAYS_EMBED_SWIFT_STANDARD_LIBRARIES = YES;
				BUNDLE_LOADER = "$(TEST_HOST)";
				CODE_SIGN_STYLE = Automatic;
				CURRENT_PROJECT_VERSION = 1;
				DEVELOPMENT_TEAM = BYL93S2Z5R;
				GENERATE_INFOPLIST_FILE = YES;
				IPHONEOS_DEPLOYMENT_TARGET = 16.4;
				MARKETING_VERSION = 1.0;
				PRODUCT_BUNDLE_IDENTIFIER = kmnso4.hm3Tests;
				PRODUCT_NAME = "$(TARGET_NAME)";
				SWIFT_EMIT_LOC_STRINGS = NO;
				SWIFT_VERSION = 5.0;
				TARGETED_DEVICE_FAMILY = "1,2";
				TEST_HOST = "$(BUILT_PRODUCTS_DIR)/hm3.app/$(BUNDLE_EXECUTABLE_FOLDER_PATH)/hm3";
			};
			name = Debug;
		};
		3151DCAB2ACAFE440092362B /* Release */ = {
			isa = XCBuildConfiguration;
			buildSettings = {
				ALWAYS_EMBED_SWIFT_STANDARD_LIBRARIES = YES;
				BUNDLE_LOADER = "$(TEST_HOST)";
				CODE_SIGN_STYLE = Automatic;
				CURRENT_PROJECT_VERSION = 1;
				DEVELOPMENT_TEAM = BYL93S2Z5R;
				GENERATE_INFOPLIST_FILE = YES;
				IPHONEOS_DEPLOYMENT_TARGET = 16.4;
				MARKETING_VERSION = 1.0;
				PRODUCT_BUNDLE_IDENTIFIER = kmnso4.hm3Tests;
				PRODUCT_NAME = "$(TARGET_NAME)";
				SWIFT_EMIT_LOC_STRINGS = NO;
				SWIFT_VERSION = 5.0;
				TARGETED_DEVICE_FAMILY = "1,2";
				TEST_HOST = "$(BUILT_PRODUCTS_DIR)/hm3.app/$(BUNDLE_EXECUTABLE_FOLDER_PATH)/hm3";
			};
			name = Release;
		};
		3151DCAD2ACAFE440092362B /* Debug */ = {
			isa = XCBuildConfiguration;
			buildSettings = {
				ALWAYS_EMBED_SWIFT_STANDARD_LIBRARIES = YES;
				CODE_SIGN_STYLE = Automatic;
				CURRENT_PROJECT_VERSION = 1;
				DEVELOPMENT_TEAM = BYL93S2Z5R;
				GENERATE_INFOPLIST_FILE = YES;
				MARKETING_VERSION = 1.0;
				PRODUCT_BUNDLE_IDENTIFIER = kmnso4.hm3UITests;
				PRODUCT_NAME = "$(TARGET_NAME)";
				SWIFT_EMIT_LOC_STRINGS = NO;
				SWIFT_VERSION = 5.0;
				TARGETED_DEVICE_FAMILY = "1,2";
				TEST_TARGET_NAME = hm3;
			};
			name = Debug;
		};
		3151DCAE2ACAFE440092362B /* Release */ = {
			isa = XCBuildConfiguration;
			buildSettings = {
				ALWAYS_EMBED_SWIFT_STANDARD_LIBRARIES = YES;
				CODE_SIGN_STYLE = Automatic;
				CURRENT_PROJECT_VERSION = 1;
				DEVELOPMENT_TEAM = BYL93S2Z5R;
				GENERATE_INFOPLIST_FILE = YES;
				MARKETING_VERSION = 1.0;
				PRODUCT_BUNDLE_IDENTIFIER = kmnso4.hm3UITests;
				PRODUCT_NAME = "$(TARGET_NAME)";
				SWIFT_EMIT_LOC_STRINGS = NO;
				SWIFT_VERSION = 5.0;
				TARGETED_DEVICE_FAMILY = "1,2";
				TEST_TARGET_NAME = hm3;
			};
			name = Release;
		};
/* End XCBuildConfiguration section */

/* Begin XCConfigurationList section */
		3151DC772ACAFE420092362B /* Build configuration list for PBXProject "hm3" */ = {
			isa = XCConfigurationList;
			buildConfigurations = (
				3151DCA42ACAFE440092362B /* Debug */,
				3151DCA52ACAFE440092362B /* Release */,
			);
			defaultConfigurationIsVisible = 0;
			defaultConfigurationName = Release;
		};
		3151DCA62ACAFE440092362B /* Build configuration list for PBXNativeTarget "hm3" */ = {
			isa = XCConfigurationList;
			buildConfigurations = (
				3151DCA72ACAFE440092362B /* Debug */,
				3151DCA82ACAFE440092362B /* Release */,
			);
			defaultConfigurationIsVisible = 0;
			defaultConfigurationName = Release;
		};
		3151DCA92ACAFE440092362B /* Build configuration list for PBXNativeTarget "hm3Tests" */ = {
			isa = XCConfigurationList;
			buildConfigurations = (
				3151DCAA2ACAFE440092362B /* Debug */,
				3151DCAB2ACAFE440092362B /* Release */,
			);
			defaultConfigurationIsVisible = 0;
			defaultConfigurationName = Release;
		};
		3151DCAC2ACAFE440092362B /* Build configuration list for PBXNativeTarget "hm3UITests" */ = {
			isa = XCConfigurationList;
			buildConfigurations = (
				3151DCAD2ACAFE440092362B /* Debug */,
				3151DCAE2ACAFE440092362B /* Release */,
			);
			defaultConfigurationIsVisible = 0;
			defaultConfigurationName = Release;
		};
/* End XCConfigurationList section */
	};
	rootObject = 3151DC742ACAFE420092362B /* Project object */;
}
